
Microsoft Visual Studio Solution File, Format Version 12.00
# Visual Studio 2012
Project("{FAE04EC0-301F-11D3-BF4B-00C04F79EFBC}") = "CreditUnionSite", "CreditUnionSite.csproj", "{C62E66A6-A0D3-403D-B77F-6A81FCF47353}"
EndProject
Global
	GlobalSection(SolutionConfigurationPlatforms) = preSolution
		Debug|Any CPU = Debug|Any CPU
		Release|Any CPU = Release|Any CPU
	EndGlobalSection
	GlobalSection(ProjectConfigurationPlatforms) = postSolution
		{C62E66A6-A0D3-403D-B77F-6A81FCF47353}.Debug|Any CPU.ActiveCfg = Debug|Any CPU
		{C62E66A6-A0D3-403D-B77F-6A81FCF47353}.Debug|Any CPU.Build.0 = Debug|Any CPU
		{C62E66A6-A0D3-403D-B77F-6A81FCF47353}.Release|Any CPU.ActiveCfg = Release|Any CPU
		{C62E66A6-A0D3-403D-B77F-6A81FCF47353}.Release|Any CPU.Build.0 = Release|Any CPU
	EndGlobalSection
	GlobalSection(SolutionProperties) = preSolution
		HideSolutionNode = FALSE
	EndGlobalSection
EndGlobal
